
Microsoft Visual Studio Solution File, Format Version 12.00
# Visual Studio Version 17
VisualStudioVersion = 17.8.34408.163
MinimumVisualStudioVersion = 10.0.40219.1
Project("{8BC9CEB8-8B4A-11D0-8D11-00A0C91BC942}") = "cppTest", "cppTest\cppTest.vcxproj", "{C8323159-11E8-4D7C-B6CC-CC516D5FE70F}"
EndProject
Global
	GlobalSection(SolutionConfigurationPlatforms) = preSolution
		Debug|x64 = Debug|x64
		Debug|x86 = Debug|x86
		Release|x64 = Release|x64
		Release|x86 = Release|x86
	EndGlobalSection
	GlobalSection(ProjectConfigurationPlatforms) = postSolution
		{C8323159-11E8-4D7C-B6CC-CC516D5FE70F}.Debug|x64.ActiveCfg = Debug|x64
		{C8323159-11E8-4D7C-B6CC-CC516D5FE70F}.Debug|x64.Build.0 = Debug|x64
		{C8323159-11E8-4D7C-B6CC-CC516D5FE70F}.Debug|x86.ActiveCfg = Debug|Win32
		{C8323159-11E8-4D7C-B6CC-CC516D5FE70F}.Debug|x86.Build.0 = Debug|Win32
		{C8323159-11E8-4D7C-B6CC-CC516D5FE70F}.Release|x64.ActiveCfg = Release|x64
		{C8323159-11E8-4D7C-B6CC-CC516D5FE70F}.Release|x64.Build.0 = Release|x64
		{C8323159-11E8-4D7C-B6CC-CC516D5FE70F}.Release|x86.ActiveCfg = Release|Win32
		{C8323159-11E8-4D7C-B6CC-CC516D5FE70F}.Release|x86.Build.0 = Release|Win32
	EndGlobalSection
	GlobalSection(SolutionProperties) = preSolution
		HideSolutionNode = FALSE
	EndGlobalSection
	GlobalSection(ExtensibilityGlobals) = postSolution
		SolutionGuid = {F7E5E5F4-2BB2-49F5-8F55-E73F8EEF30F4}
	EndGlobalSection
EndGlobal
